// !$*UTF8*$!
{
	archiveVersion = 1;
	classes = {
	};
	objectVersion = 50;
	objects = {

/* Begin PBXBuildFile section */
		963DEBA5241D7A54003E47EC /* AppDelegate.swift in Sources */ = {isa = PBXBuildFile; fileRef = 963DEBA4241D7A54003E47EC /* AppDelegate.swift */; };
		963DEBA7241D7A54003E47EC /* SceneDelegate.swift in Sources */ = {isa = PBXBuildFile; fileRef = 963DEBA6241D7A54003E47EC /* SceneDelegate.swift */; };
		963DEBA9241D7A54003E47EC /* ContentView.swift in Sources */ = {isa = PBXBuildFile; fileRef = 963DEBA8241D7A54003E47EC /* ContentView.swift */; };
		963DEBAB241D7A55003E47EC /* Assets.xcassets in Resources */ = {isa = PBXBuildFile; fileRef = 963DEBAA241D7A55003E47EC /* Assets.xcassets */; };
		963DEBAE241D7A55003E47EC /* Preview Assets.xcassets in Resources */ = {isa = PBXBuildFile; fileRef = 963DEBAD241D7A55003E47EC /* Preview Assets.xcassets */; };
		963DEBB1241D7A55003E47EC /* LaunchScreen.storyboard in Resources */ = {isa = PBXBuildFile; fileRef = 963DEBAF241D7A55003E47EC /* LaunchScreen.storyboard */; };
		963DEBBA241D7B79003E47EC /* README.md in Resources */ = {isa = PBXBuildFile; fileRef = 963DEBB8241D7B79003E47EC /* README.md */; };
		963DEBBB241D7B79003E47EC /* .gitignore in Resources */ = {isa = PBXBuildFile; fileRef = 963DEBB9241D7B79003E47EC /* .gitignore */; };
		963DEBBD241D7BBD003E47EC /* Note.swift in Sources */ = {isa = PBXBuildFile; fileRef = 963DEBBC241D7BBD003E47EC /* Note.swift */; };
		963DEBBF241D7C12003E47EC /* NotesManager.swift in Sources */ = {isa = PBXBuildFile; fileRef = 963DEBBE241D7C12003E47EC /* NotesManager.swift */; };
		963DEBC1241D7EC5003E47EC /* NoteView.swift in Sources */ = {isa = PBXBuildFile; fileRef = 963DEBC0241D7EC5003E47EC /* NoteView.swift */; };
		963DEBC3241D81F4003E47EC /* TextView.swift in Sources */ = {isa = PBXBuildFile; fileRef = 963DEBC2241D81F4003E47EC /* TextView.swift */; };
/* End PBXBuildFile section */

/* Begin PBXFileReference section */
		963DEBA1241D7A54003E47EC /* SwiftUI Notes.app */ = {isa = PBXFileReference; explicitFileType = wrapper.application; includeInIndex = 0; path = "SwiftUI Notes.app"; sourceTree = BUILT_PRODUCTS_DIR; };
		963DEBA4241D7A54003E47EC /* AppDelegate.swift */ = {isa = PBXFileReference; lastKnownFileType = sourcecode.swift; path = AppDelegate.swift; sourceTree = "<group>"; };
		963DEBA6241D7A54003E47EC /* SceneDelegate.swift */ = {isa = PBXFileReference; lastKnownFileType = sourcecode.swift; path = SceneDelegate.swift; sourceTree = "<group>"; };
		963DEBA8241D7A54003E47EC /* ContentView.swift */ = {isa = PBXFileReference; lastKnownFileType = sourcecode.swift; path = ContentView.swift; sourceTree = "<group>"; };
		963DEBAA241D7A55003E47EC /* Assets.xcassets */ = {isa = PBXFileReference; lastKnownFileType = folder.assetcatalog; path = Assets.xcassets; sourceTree = "<group>"; };
		963DEBAD241D7A55003E47EC /* Preview Assets.xcassets */ = {isa = PBXFileReference; lastKnownFileType = folder.assetcatalog; path = "Preview Assets.xcassets"; sourceTree = "<group>"; };
		963DEBB0241D7A55003E47EC /* Base */ = {isa = PBXFileReference; lastKnownFileType = file.storyboard; name = Base; path = Base.lproj/LaunchScreen.storyboard; sourceTree = "<group>"; };
		963DEBB2241D7A55003E47EC /* Info.plist */ = {isa = PBXFileReference; lastKnownFileType = text.plist.xml; path = Info.plist; sourceTree = "<group>"; };
		963DEBB8241D7B79003E47EC /* README.md */ = {isa = PBXFileReference; fileEncoding = 4; lastKnownFileType = net.daringfireball.markdown; path = README.md; sourceTree = "<group>"; };
		963DEBB9241D7B79003E47EC /* .gitignore */ = {isa = PBXFileReference; fileEncoding = 4; lastKnownFileType = text; path = .gitignore; sourceTree = "<group>"; };
		963DEBBC241D7BBD003E47EC /* Note.swift */ = {isa = PBXFileReference; lastKnownFileType = sourcecode.swift; path = Note.swift; sourceTree = "<group>"; };
		963DEBBE241D7C12003E47EC /* NotesManager.swift */ = {isa = PBXFileReference; lastKnownFileType = sourcecode.swift; path = NotesManager.swift; sourceTree = "<group>"; };
		963DEBC0241D7EC5003E47EC /* NoteView.swift */ = {isa = PBXFileReference; lastKnownFileType = sourcecode.swift; path = NoteView.swift; sourceTree = "<group>"; };
		963DEBC2241D81F4003E47EC /* TextView.swift */ = {isa = PBXFileReference; lastKnownFileType = sourcecode.swift; path = TextView.swift; sourceTree = "<group>"; };
/* End PBXFileReference section */

/* Begin PBXFrameworksBuildPhase section */
		963DEB9E241D7A54003E47EC /* Frameworks */ = {
			isa = PBXFrameworksBuildPhase;
			buildActionMask = 2147483647;
			files = (
			);
			runOnlyForDeploymentPostprocessing = 0;
		};
/* End PBXFrameworksBuildPhase section */

/* Begin PBXGroup section */
		963DEB98241D7A54003E47EC = {
			isa = PBXGroup;
			children = (
				963DEBB9241D7B79003E47EC /* .gitignore */,
				963DEBB8241D7B79003E47EC /* README.md */,
				963DEBA3241D7A54003E47EC /* SwiftUI Notes */,
				963DEBA2241D7A54003E47EC /* Products */,
			);
			sourceTree = "<group>";
		};
		963DEBA2241D7A54003E47EC /* Products */ = {
			isa = PBXGroup;
			children = (
				963DEBA1241D7A54003E47EC /* SwiftUI Notes.app */,
			);
			name = Products;
			sourceTree = "<group>";
		};
		963DEBA3241D7A54003E47EC /* SwiftUI Notes */ = {
			isa = PBXGroup;
			children = (
				963DEBA4241D7A54003E47EC /* AppDelegate.swift */,
				963DEBA6241D7A54003E47EC /* SceneDelegate.swift */,
				963DEBA8241D7A54003E47EC /* ContentView.swift */,
				963DEBC0241D7EC5003E47EC /* NoteView.swift */,
				963DEBC2241D81F4003E47EC /* TextView.swift */,
				963DEBBC241D7BBD003E47EC /* Note.swift */,
				963DEBBE241D7C12003E47EC /* NotesManager.swift */,
				963DEBAA241D7A55003E47EC /* Assets.xcassets */,
				963DEBAF241D7A55003E47EC /* LaunchScreen.storyboard */,
				963DEBB2241D7A55003E47EC /* Info.plist */,
				963DEBAC241D7A55003E47EC /* Preview Content */,
			);
			path = "SwiftUI Notes";
			sourceTree = "<group>";
		};
		963DEBAC241D7A55003E47EC /* Preview Content */ = {
			isa = PBXGroup;
			children = (
				963DEBAD241D7A55003E47EC /* Preview Assets.xcassets */,
			);
			path = "Preview Content";
			sourceTree = "<group>";
		};
/* End PBXGroup section */

/* Begin PBXNativeTarget section */
		963DEBA0241D7A54003E47EC /* SwiftUI Notes */ = {
			isa = PBXNativeTarget;
			buildConfigurationList = 963DEBB5241D7A55003E47EC /* Build configuration list for PBXNativeTarget "SwiftUI Notes" */;
			buildPhases = (
				963DEB9D241D7A54003E47EC /* Sources */,
				963DEB9E241D7A54003E47EC /* Frameworks */,
				963DEB9F241D7A54003E47EC /* Resources */,
			);
			buildRules = (
			);
			dependencies = (
			);
			name = "SwiftUI Notes";
			productName = "SwiftUI Notes";
			productReference = 963DEBA1241D7A54003E47EC /* SwiftUI Notes.app */;
			productType = "com.apple.product-type.application";
		};
/* End PBXNativeTarget section */

/* Begin PBXProject section */
		963DEB99241D7A54003E47EC /* Project object */ = {
			isa = PBXProject;
			attributes = {
				LastSwiftUpdateCheck = 1130;
				LastUpgradeCheck = 1130;
				ORGANIZATIONNAME = "Robert Witt";
				TargetAttributes = {
					963DEBA0241D7A54003E47EC = {
						CreatedOnToolsVersion = 11.3.1;
					};
				};
			};
			buildConfigurationList = 963DEB9C241D7A54003E47EC /* Build configuration list for PBXProject "SwiftUI Notes" */;
			compatibilityVersion = "Xcode 9.3";
			developmentRegion = en;
			hasScannedForEncodings = 0;
			knownRegions = (
				en,
				Base,
			);
			mainGroup = 963DEB98241D7A54003E47EC;
			productRefGroup = 963DEBA2241D7A54003E47EC /* Products */;
			projectDirPath = "";
			projectRoot = "";
			targets = (
				963DEBA0241D7A54003E47EC /* SwiftUI Notes */,
			);
		};
/* End PBXProject section */

/* Begin PBXResourcesBuildPhase section */
		963DEB9F241D7A54003E47EC /* Resources */ = {
			isa = PBXResourcesBuildPhase;
			buildActionMask = 2147483647;
			files = (
				963DEBBB241D7B79003E47EC /* .gitignore in Resources */,
				963DEBB1241D7A55003E47EC /* LaunchScreen.storyboard in Resources */,
				963DEBAE241D7A55003E47EC /* Preview Assets.xcassets in Resources */,
				963DEBBA241D7B79003E47EC /* README.md in Resources */,
				963DEBAB241D7A55003E47EC /* Assets.xcassets in Resources */,
			);
			runOnlyForDeploymentPostprocessing = 0;
		};
/* End PBXResourcesBuildPhase section */

/* Begin PBXSourcesBuildPhase section */
		963DEB9D241D7A54003E47EC /* Sources */ = {
			isa = PBXSourcesBuildPhase;
			buildActionMask = 2147483647;
			files = (
				963DEBA5241D7A54003E47EC /* AppDelegate.swift in Sources */,
				963DEBBF241D7C12003E47EC /* NotesManager.swift in Sources */,
				963DEBC1241D7EC5003E47EC /* NoteView.swift in Sources */,
				963DEBC3241D81F4003E47EC /* TextView.swift in Sources */,
				963DEBA7241D7A54003E47EC /* SceneDelegate.swift in Sources */,
				963DEBA9241D7A54003E47EC /* ContentView.swift in Sources */,
				963DEBBD241D7BBD003E47EC /* Note.swift in Sources */,
			);
			runOnlyForDeploymentPostprocessing = 0;
		};
/* End PBXSourcesBuildPhase section */

/* Begin PBXVariantGroup section */
		963DEBAF241D7A55003E47EC /* LaunchScreen.storyboard */ = {
			isa = PBXVariantGroup;
			children = (
				963DEBB0241D7A55003E47EC /* Base */,
			);
			name = LaunchScreen.storyboard;
			sourceTree = "<group>";
		};
/* End PBXVariantGroup section */

/* Begin XCBuildConfiguration section */
		963DEBB3241D7A55003E47EC /* Debug */ = {
			isa = XCBuildConfiguration;
			buildSettings = {
				ALWAYS_SEARCH_USER_PATHS = NO;
				CLANG_ANALYZER_NONNULL = YES;
				CLANG_ANALYZER_NUMBER_OBJECT_CONVERSION = YES_AGGRESSIVE;
				CLANG_CXX_LANGUAGE_STANDARD = "gnu++14";
				CLANG_CXX_LIBRARY = "libc++";
				CLANG_ENABLE_MODULES = YES;
				CLANG_ENABLE_OBJC_ARC = YES;
				CLANG_ENABLE_OBJC_WEAK = YES;
				CLANG_WARN_BLOCK_CAPTURE_AUTORELEASING = YES;
				CLANG_WARN_BOOL_CONVERSION = YES;
				CLANG_WARN_COMMA = YES;
				CLANG_WARN_CONSTANT_CONVERSION = YES;
				CLANG_WARN_DEPRECATED_OBJC_IMPLEMENTATIONS = YES;
				CLANG_WARN_DIRECT_OBJC_ISA_USAGE = YES_ERROR;
				CLANG_WARN_DOCUMENTATION_COMMENTS = YES;
				CLANG_WARN_EMPTY_BODY = YES;
				CLANG_WARN_ENUM_CONVERSION = YES;
				CLANG_WARN_INFINITE_RECURSION = YES;
				CLANG_WARN_INT_CONVERSION = YES;
				CLANG_WARN_NON_LITERAL_NULL_CONVERSION = YES;
				CLANG_WARN_OBJC_IMPLICIT_RETAIN_SELF = YES;
				CLANG_WARN_OBJC_LITERAL_CONVERSION = YES;
				CLANG_WARN_OBJC_ROOT_CLASS = YES_ERROR;
				CLANG_WARN_RANGE_LOOP_ANALYSIS = YES;
				CLANG_WARN_STRICT_PROTOTYPES = YES;
				CLANG_WARN_SUSPICIOUS_MOVE = YES;
				CLANG_WARN_UNGUARDED_AVAILABILITY = YES_AGGRESSIVE;
				CLANG_WARN_UNREACHABLE_CODE = YES;
				CLANG_WARN__DUPLICATE_METHOD_MATCH = YES;
				COPY_PHASE_STRIP = NO;
				DEBUG_INFORMATION_FORMAT = dwarf;
				ENABLE_STRICT_OBJC_MSGSEND = YES;
				ENABLE_TESTABILITY = YES;
				GCC_C_LANGUAGE_STANDARD = gnu11;
				GCC_DYNAMIC_NO_PIC = NO;
				GCC_NO_COMMON_BLOCKS = YES;
				GCC_OPTIMIZATION_LEVEL = 0;
				GCC_PREPROCESSOR_DEFINITIONS = (
					"DEBUG=1",
					"$(inherited)",
				);
				GCC_WARN_64_TO_32_BIT_CONVERSION = YES;
				GCC_WARN_ABOUT_RETURN_TYPE = YES_ERROR;
				GCC_WARN_UNDECLARED_SELECTOR = YES;
				GCC_WARN_UNINITIALIZED_AUTOS = YES_AGGRESSIVE;
				GCC_WARN_UNUSED_FUNCTION = YES;
				GCC_WARN_UNUSED_VARIABLE = YES;
				IPHONEOS_DEPLOYMENT_TARGET = 13.2;
				MTL_ENABLE_DEBUG_INFO = INCLUDE_SOURCE;
				MTL_FAST_MATH = YES;
				ONLY_ACTIVE_ARCH = YES;
				SDKROOT = iphoneos;
				SWIFT_ACTIVE_COMPILATION_CONDITIONS = DEBUG;
				SWIFT_OPTIMIZATION_LEVEL = "-Onone";
			};
			name = Debug;
		};
		963DEBB4241D7A55003E47EC /* Release */ = {
			isa = XCBuildConfiguration;
			buildSettings = {
				ALWAYS_SEARCH_USER_PATHS = NO;
				CLANG_ANALYZER_NONNULL = YES;
				CLANG_ANALYZER_NUMBER_OBJECT_CONVERSION = YES_AGGRESSIVE;
				CLANG_CXX_LANGUAGE_STANDARD = "gnu++14";
				CLANG_CXX_LIBRARY = "libc++";
				CLANG_ENABLE_MODULES = YES;
				CLANG_ENABLE_OBJC_ARC = YES;
				CLANG_ENABLE_OBJC_WEAK = YES;
				CLANG_WARN_BLOCK_CAPTURE_AUTORELEASING = YES;
				CLANG_WARN_BOOL_CONVERSION = YES;
				CLANG_WARN_COMMA = YES;
				CLANG_WARN_CONSTANT_CONVERSION = YES;
				CLANG_WARN_DEPRECATED_OBJC_IMPLEMENTATIONS = YES;
				CLANG_WARN_DIRECT_OBJC_ISA_USAGE = YES_ERROR;
				CLANG_WARN_DOCUMENTATION_COMMENTS = YES;
				CLANG_WARN_EMPTY_BODY = YES;
				CLANG_WARN_ENUM_CONVERSION = YES;
				CLANG_WARN_INFINITE_RECURSION = YES;
				CLANG_WARN_INT_CONVERSION = YES;
				CLANG_WARN_NON_LITERAL_NULL_CONVERSION = YES;
				CLANG_WARN_OBJC_IMPLICIT_RETAIN_SELF = YES;
				CLANG_WARN_OBJC_LITERAL_CONVERSION = YES;
				CLANG_WARN_OBJC_ROOT_CLASS = YES_ERROR;
				CLANG_WARN_RANGE_LOOP_ANALYSIS = YES;
				CLANG_WARN_STRICT_PROTOTYPES = YES;
				CLANG_WARN_SUSPICIOUS_MOVE = YES;
				CLANG_WARN_UNGUARDED_AVAILABILITY = YES_AGGRESSIVE;
				CLANG_WARN_UNREACHABLE_CODE = YES;
				CLANG_WARN__DUPLICATE_METHOD_MATCH = YES;
				COPY_PHASE_STRIP = NO;
				DEBUG_INFORMATION_FORMAT = "dwarf-with-dsym";
				ENABLE_NS_ASSERTIONS = NO;
				ENABLE_STRICT_OBJC_MSGSEND = YES;
				GCC_C_LANGUAGE_STANDARD = gnu11;
				GCC_NO_COMMON_BLOCKS = YES;
				GCC_WARN_64_TO_32_BIT_CONVERSION = YES;
				GCC_WARN_ABOUT_RETURN_TYPE = YES_ERROR;
				GCC_WARN_UNDECLARED_SELECTOR = YES;
				GCC_WARN_UNINITIALIZED_AUTOS = YES_AGGRESSIVE;
				GCC_WARN_UNUSED_FUNCTION = YES;
				GCC_WARN_UNUSED_VARIABLE = YES;
				IPHONEOS_DEPLOYMENT_TARGET = 13.2;
				MTL_ENABLE_DEBUG_INFO = NO;
				MTL_FAST_MATH = YES;
				SDKROOT = iphoneos;
				SWIFT_COMPILATION_MODE = wholemodule;
				SWIFT_OPTIMIZATION_LEVEL = "-O";
				VALIDATE_PRODUCT = YES;
			};
			name = Release;
		};
		963DEBB6241D7A55003E47EC /* Debug */ = {
			isa = XCBuildConfiguration;
			buildSettings = {
				ASSETCATALOG_COMPILER_APPICON_NAME = AppIcon;
				CODE_SIGN_STYLE = Automatic;
				DEVELOPMENT_ASSET_PATHS = "\"SwiftUI Notes/Preview Content\"";
				DEVELOPMENT_TEAM = 34MXHV49DX;
				ENABLE_PREVIEWS = YES;
				INFOPLIST_FILE = "SwiftUI Notes/Info.plist";
				LD_RUNPATH_SEARCH_PATHS = (
					"$(inherited)",
					"@executable_path/Frameworks",
				);
				PRODUCT_BUNDLE_IDENTIFIER = "de.robertwitt.SwiftUI-Notes";
				PRODUCT_NAME = "$(TARGET_NAME)";
				SWIFT_VERSION = 5.0;
				TARGETED_DEVICE_FAMILY = "1,2";
			};
			name = Debug;
		};
		963DEBB7241D7A55003E47EC /* Release */ = {
			isa = XCBuildConfiguration;
			buildSettings = {
				ASSETCATALOG_COMPILER_APPICON_NAME = AppIcon;
				CODE_SIGN_STYLE = Automatic;
				DEVELOPMENT_ASSET_PATHS = "\"SwiftUI Notes/Preview Content\"";
				DEVELOPMENT_TEAM = 34MXHV49DX;
				ENABLE_PREVIEWS = YES;
				INFOPLIST_FILE = "SwiftUI Notes/Info.plist";
				LD_RUNPATH_SEARCH_PATHS = (
					"$(inherited)",
					"@executable_path/Frameworks",
				);
				PRODUCT_BUNDLE_IDENTIFIER = "de.robertwitt.SwiftUI-Notes";
				PRODUCT_NAME = "$(TARGET_NAME)";
				SWIFT_VERSION = 5.0;
				TARGETED_DEVICE_FAMILY = "1,2";
			};
			name = Release;
		};
/* End XCBuildConfiguration section */

/* Begin XCConfigurationList section */
		963DEB9C241D7A54003E47EC /* Build configuration list for PBXProject "SwiftUI Notes" */ = {
			isa = XCConfigurationList;
			buildConfigurations = (
				963DEBB3241D7A55003E47EC /* Debug */,
				963DEBB4241D7A55003E47EC /* Release */,
			);
			defaultConfigurationIsVisible = 0;
			defaultConfigurationName = Release;
		};
		963DEBB5241D7A55003E47EC /* Build configuration list for PBXNativeTarget "SwiftUI Notes" */ = {
			isa = XCConfigurationList;
			buildConfigurations = (
				963DEBB6241D7A55003E47EC /* Debug */,
				963DEBB7241D7A55003E47EC /* Release */,
			);
			defaultConfigurationIsVisible = 0;
			defaultConfigurationName = Release;
		};
/* End XCConfigurationList section */
	};
	rootObject = 963DEB99241D7A54003E47EC /* Project object */;
}
